# This file is automatically @generated by Poetry 1.8.2 and should not be changed by hand.

[[package]]
name = "my-yeti"
version = "0.1.0"
description = ""
optional = false
python-versions = "^3.8"
files = []
develop = false

[package.source]
type = "git"
url = "https://github.com/GinkoProjects/my-yeti.git"
reference = "HEAD"
resolved_reference = "c421ac6a92878955945408cebaea667537e416c1"

[metadata]
lock-version = "2.0"
python-versions = "^3.11"
content-hash = "506dd3920ff7a38e9daf5369e7525916a29c901c473daf563b9d756dc565ba8d"
